
Microsoft Visual Studio Solution File, Format Version 12.00
# Visual Studio Version 17
VisualStudioVersion = 17.11.35312.102
MinimumVisualStudioVersion = 10.0.40219.1
Project("{FAE04EC0-301F-11D3-BF4B-00C04F79EFBC}") = "Atividade12", "Atividade12\Atividade12.csproj", "{98F2656A-F161-4EBE-9500-0FAA9771A899}"
EndProject
Global
	GlobalSection(SolutionConfigurationPlatforms) = preSolution
		Debug|Any CPU = Debug|Any CPU
		Release|Any CPU = Release|Any CPU
	EndGlobalSection
	GlobalSection(ProjectConfigurationPlatforms) = postSolution
		{98F2656A-F161-4EBE-9500-0FAA9771A899}.Debug|Any CPU.ActiveCfg = Debug|Any CPU
		{98F2656A-F161-4EBE-9500-0FAA9771A899}.Debug|Any CPU.Build.0 = Debug|Any CPU
		{98F2656A-F161-4EBE-9500-0FAA9771A899}.Release|Any CPU.ActiveCfg = Release|Any CPU
		{98F2656A-F161-4EBE-9500-0FAA9771A899}.Release|Any CPU.Build.0 = Release|Any CPU
	EndGlobalSection
	GlobalSection(SolutionProperties) = preSolution
		HideSolutionNode = FALSE
	EndGlobalSection
	GlobalSection(ExtensibilityGlobals) = postSolution
		SolutionGuid = {BBF3CF04-CF62-4E81-A165-601106223D48}
	EndGlobalSection
EndGlobal
